// !$*UTF8*$!
{
	archiveVersion = 1;
	classes = {
	};
	objectVersion = 46;
	objects = {

/* Begin PBXBuildFile section */
		3EDFAE201E4B0CDE0081F6BD /* AppDelegate.swift in Sources */ = {isa = PBXBuildFile; fileRef = 3EDFAE1F1E4B0CDE0081F6BD /* AppDelegate.swift */; };
		3EDFAE221E4B0CDE0081F6BD /* HomeController.swift in Sources */ = {isa = PBXBuildFile; fileRef = 3EDFAE211E4B0CDE0081F6BD /* HomeController.swift */; };
		3EDFAE251E4B0CDE0081F6BD /* Main.storyboard in Resources */ = {isa = PBXBuildFile; fileRef = 3EDFAE231E4B0CDE0081F6BD /* Main.storyboard */; };
		3EDFAE271E4B0CDE0081F6BD /* Assets.xcassets in Resources */ = {isa = PBXBuildFile; fileRef = 3EDFAE261E4B0CDE0081F6BD /* Assets.xcassets */; };
		3EDFAE2A1E4B0CDE0081F6BD /* LaunchScreen.storyboard in Resources */ = {isa = PBXBuildFile; fileRef = 3EDFAE281E4B0CDE0081F6BD /* LaunchScreen.storyboard */; };
		3EDFAE5A1E4FAFBA0081F6BD /* VideoLauncher.swift in Sources */ = {isa = PBXBuildFile; fileRef = 3EDFAE591E4FAFBA0081F6BD /* VideoLauncher.swift */; };
/* End PBXBuildFile section */

/* Begin PBXFileReference section */
		3EDFAE1C1E4B0CDE0081F6BD /* DannyTube.app */ = {isa = PBXFileReference; explicitFileType = wrapper.application; includeInIndex = 0; path = DannyTube.app; sourceTree = BUILT_PRODUCTS_DIR; };
		3EDFAE1F1E4B0CDE0081F6BD /* AppDelegate.swift */ = {isa = PBXFileReference; lastKnownFileType = sourcecode.swift; path = AppDelegate.swift; sourceTree = "<group>"; };
		3EDFAE211E4B0CDE0081F6BD /* HomeController.swift */ = {isa = PBXFileReference; lastKnownFileType = sourcecode.swift; path = HomeController.swift; sourceTree = "<group>"; };
		3EDFAE241E4B0CDE0081F6BD /* Base */ = {isa = PBXFileReference; lastKnownFileType = file.storyboard; name = Base; path = Base.lproj/Main.storyboard; sourceTree = "<group>"; };
		3EDFAE261E4B0CDE0081F6BD /* Assets.xcassets */ = {isa = PBXFileReference; lastKnownFileType = folder.assetcatalog; path = Assets.xcassets; sourceTree = "<group>"; };
		3EDFAE291E4B0CDE0081F6BD /* Base */ = {isa = PBXFileReference; lastKnownFileType = file.storyboard; name = Base; path = Base.lproj/LaunchScreen.storyboard; sourceTree = "<group>"; };
		3EDFAE2B1E4B0CDE0081F6BD /* Info.plist */ = {isa = PBXFileReference; lastKnownFileType = text.plist.xml; path = Info.plist; sourceTree = "<group>"; };
		3EDFAE591E4FAFBA0081F6BD /* VideoLauncher.swift */ = {isa = PBXFileReference; fileEncoding = 4; lastKnownFileType = sourcecode.swift; path = VideoLauncher.swift; sourceTree = "<group>"; };
/* End PBXFileReference section */

/* Begin PBXFrameworksBuildPhase section */
		3EDFAE191E4B0CDE0081F6BD /* Frameworks */ = {
			isa = PBXFrameworksBuildPhase;
			buildActionMask = 2147483647;
			files = (
			);
			runOnlyForDeploymentPostprocessing = 0;
		};
/* End PBXFrameworksBuildPhase section */

/* Begin PBXGroup section */
		3EDFAE131E4B0CDE0081F6BD = {
			isa = PBXGroup;
			children = (
				3EDFAE1E1E4B0CDE0081F6BD /* DannyTube */,
				3EDFAE1D1E4B0CDE0081F6BD /* Products */,
			);
			sourceTree = "<group>";
		};
		3EDFAE1D1E4B0CDE0081F6BD /* Products */ = {
			isa = PBXGroup;
			children = (
				3EDFAE1C1E4B0CDE0081F6BD /* DannyTube.app */,
			);
			name = Products;
			sourceTree = "<group>";
		};
		3EDFAE1E1E4B0CDE0081F6BD /* DannyTube */ = {
			isa = PBXGroup;
			children = (
				3EDFAE1F1E4B0CDE0081F6BD /* AppDelegate.swift */,
				3EDFAE211E4B0CDE0081F6BD /* HomeController.swift */,
				3EDFAE591E4FAFBA0081F6BD /* VideoLauncher.swift */,
				3EDFAE231E4B0CDE0081F6BD /* Main.storyboard */,
				3EDFAE261E4B0CDE0081F6BD /* Assets.xcassets */,
				3EDFAE281E4B0CDE0081F6BD /* LaunchScreen.storyboard */,
				3EDFAE2B1E4B0CDE0081F6BD /* Info.plist */,
			);
			path = DannyTube;
			sourceTree = "<group>";
		};
/* End PBXGroup section */

/* Begin PBXNativeTarget section */
		3EDFAE1B1E4B0CDE0081F6BD /* DannyTube */ = {
			isa = PBXNativeTarget;
			buildConfigurationList = 3EDFAE2E1E4B0CDE0081F6BD /* Build configuration list for PBXNativeTarget "DannyTube" */;
			buildPhases = (
				3EDFAE181E4B0CDE0081F6BD /* Sources */,
				3EDFAE191E4B0CDE0081F6BD /* Frameworks */,
				3EDFAE1A1E4B0CDE0081F6BD /* Resources */,
			);
			buildRules = (
			);
			dependencies = (
			);
			name = DannyTube;
			productName = DannyTube;
			productReference = 3EDFAE1C1E4B0CDE0081F6BD /* DannyTube.app */;
			productType = "com.apple.product-type.application";
		};
/* End PBXNativeTarget section */

/* Begin PBXProject section */
		3EDFAE141E4B0CDE0081F6BD /* Project object */ = {
			isa = PBXProject;
			attributes = {
				LastSwiftUpdateCheck = 0820;
				LastUpgradeCheck = 0820;
				ORGANIZATIONNAME = fiu;
				TargetAttributes = {
					3EDFAE1B1E4B0CDE0081F6BD = {
						CreatedOnToolsVersion = 8.2.1;
						DevelopmentTeam = 29RHS5859H;
						ProvisioningStyle = Automatic;
					};
				};
			};
			buildConfigurationList = 3EDFAE171E4B0CDE0081F6BD /* Build configuration list for PBXProject "DannyTube" */;
			compatibilityVersion = "Xcode 3.2";
			developmentRegion = English;
			hasScannedForEncodings = 0;
			knownRegions = (
				en,
				Base,
			);
			mainGroup = 3EDFAE131E4B0CDE0081F6BD;
			productRefGroup = 3EDFAE1D1E4B0CDE0081F6BD /* Products */;
			projectDirPath = "";
			projectRoot = "";
			targets = (
				3EDFAE1B1E4B0CDE0081F6BD /* DannyTube */,
			);
		};
/* End PBXProject section */

/* Begin PBXResourcesBuildPhase section */
		3EDFAE1A1E4B0CDE0081F6BD /* Resources */ = {
			isa = PBXResourcesBuildPhase;
			buildActionMask = 2147483647;
			files = (
				3EDFAE2A1E4B0CDE0081F6BD /* LaunchScreen.storyboard in Resources */,
				3EDFAE271E4B0CDE0081F6BD /* Assets.xcassets in Resources */,
				3EDFAE251E4B0CDE0081F6BD /* Main.storyboard in Resources */,
			);
			runOnlyForDeploymentPostprocessing = 0;
		};
/* End PBXResourcesBuildPhase section */

/* Begin PBXSourcesBuildPhase section */
		3EDFAE181E4B0CDE0081F6BD /* Sources */ = {
			isa = PBXSourcesBuildPhase;
			buildActionMask = 2147483647;
			files = (
				3EDFAE221E4B0CDE0081F6BD /* HomeController.swift in Sources */,
				3EDFAE5A1E4FAFBA0081F6BD /* VideoLauncher.swift in Sources */,
				3EDFAE201E4B0CDE0081F6BD /* AppDelegate.swift in Sources */,
			);
			runOnlyForDeploymentPostprocessing = 0;
		};
/* End PBXSourcesBuildPhase section */

/* Begin PBXVariantGroup section */
		3EDFAE231E4B0CDE0081F6BD /* Main.storyboard */ = {
			isa = PBXVariantGroup;
			children = (
				3EDFAE241E4B0CDE0081F6BD /* Base */,
			);
			name = Main.storyboard;
			sourceTree = "<group>";
		};
		3EDFAE281E4B0CDE0081F6BD /* LaunchScreen.storyboard */ = {
			isa = PBXVariantGroup;
			children = (
				3EDFAE291E4B0CDE0081F6BD /* Base */,
			);
			name = LaunchScreen.storyboard;
			sourceTree = "<group>";
		};
/* End PBXVariantGroup section */

/* Begin XCBuildConfiguration section */
		3EDFAE2C1E4B0CDE0081F6BD /* Debug */ = {
			isa = XCBuildConfiguration;
			buildSettings = {
				ALWAYS_SEARCH_USER_PATHS = NO;
				CLANG_ANALYZER_NONNULL = YES;
				CLANG_CXX_LANGUAGE_STANDARD = "gnu++0x";
				CLANG_CXX_LIBRARY = "libc++";
				CLANG_ENABLE_MODULES = YES;
				CLANG_ENABLE_OBJC_ARC = YES;
				CLANG_WARN_BOOL_CONVERSION = YES;
				CLANG_WARN_CONSTANT_CONVERSION = YES;
				CLANG_WARN_DIRECT_OBJC_ISA_USAGE = YES_ERROR;
				CLANG_WARN_DOCUMENTATION_COMMENTS = YES;
				CLANG_WARN_EMPTY_BODY = YES;
				CLANG_WARN_ENUM_CONVERSION = YES;
				CLANG_WARN_INFINITE_RECURSION = YES;
				CLANG_WARN_INT_CONVERSION = YES;
				CLANG_WARN_OBJC_ROOT_CLASS = YES_ERROR;
				CLANG_WARN_SUSPICIOUS_MOVE = YES;
				CLANG_WARN_UNREACHABLE_CODE = YES;
				CLANG_WARN__DUPLICATE_METHOD_MATCH = YES;
				"CODE_SIGN_IDENTITY[sdk=iphoneos*]" = "iPhone Developer";
				COPY_PHASE_STRIP = NO;
				DEBUG_INFORMATION_FORMAT = dwarf;
				ENABLE_STRICT_OBJC_MSGSEND = YES;
				ENABLE_TESTABILITY = YES;
				GCC_C_LANGUAGE_STANDARD = gnu99;
				GCC_DYNAMIC_NO_PIC = NO;
				GCC_NO_COMMON_BLOCKS = YES;
				GCC_OPTIMIZATION_LEVEL = 0;
				GCC_PREPROCESSOR_DEFINITIONS = (
					"DEBUG=1",
					"$(inherited)",
				);
				GCC_WARN_64_TO_32_BIT_CONVERSION = YES;
				GCC_WARN_ABOUT_RETURN_TYPE = YES_ERROR;
				GCC_WARN_UNDECLARED_SELECTOR = YES;
				GCC_WARN_UNINITIALIZED_AUTOS = YES_AGGRESSIVE;
				GCC_WARN_UNUSED_FUNCTION = YES;
				GCC_WARN_UNUSED_VARIABLE = YES;
				IPHONEOS_DEPLOYMENT_TARGET = 10.2;
				MTL_ENABLE_DEBUG_INFO = YES;
				ONLY_ACTIVE_ARCH = YES;
				SDKROOT = iphoneos;
				SWIFT_ACTIVE_COMPILATION_CONDITIONS = DEBUG;
				SWIFT_OPTIMIZATION_LEVEL = "-Onone";
				TARGETED_DEVICE_FAMILY = "1,2";
			};
			name = Debug;
		};
		3EDFAE2D1E4B0CDE0081F6BD /* Release */ = {
			isa = XCBuildConfiguration;
			buildSettings = {
				ALWAYS_SEARCH_USER_PATHS = NO;
				CLANG_ANALYZER_NONNULL = YES;
				CLANG_CXX_LANGUAGE_STANDARD = "gnu++0x";
				CLANG_CXX_LIBRARY = "libc++";
				CLANG_ENABLE_MODULES = YES;
				CLANG_ENABLE_OBJC_ARC = YES;
				CLANG_WARN_BOOL_CONVERSION = YES;
				CLANG_WARN_CONSTANT_CONVERSION = YES;
				CLANG_WARN_DIRECT_OBJC_ISA_USAGE = YES_ERROR;
				CLANG_WARN_DOCUMENTATION_COMMENTS = YES;
				CLANG_WARN_EMPTY_BODY = YES;
				CLANG_WARN_ENUM_CONVERSION = YES;
				CLANG_WARN_INFINITE_RECURSION = YES;
				CLANG_WARN_INT_CONVERSION = YES;
				CLANG_WARN_OBJC_ROOT_CLASS = YES_ERROR;
				CLANG_WARN_SUSPICIOUS_MOVE = YES;
				CLANG_WARN_UNREACHABLE_CODE = YES;
				CLANG_WARN__DUPLICATE_METHOD_MATCH = YES;
				"CODE_SIGN_IDENTITY[sdk=iphoneos*]" = "iPhone Developer";
				COPY_PHASE_STRIP = NO;
				DEBUG_INFORMATION_FORMAT = "dwarf-with-dsym";
				ENABLE_NS_ASSERTIONS = NO;
				ENABLE_STRICT_OBJC_MSGSEND = YES;
				GCC_C_LANGUAGE_STANDARD = gnu99;
				GCC_NO_COMMON_BLOCKS = YES;
				GCC_WARN_64_TO_32_BIT_CONVERSION = YES;
				GCC_WARN_ABOUT_RETURN_TYPE = YES_ERROR;
				GCC_WARN_UNDECLARED_SELECTOR = YES;
				GCC_WARN_UNINITIALIZED_AUTOS = YES_AGGRESSIVE;
				GCC_WARN_UNUSED_FUNCTION = YES;
				GCC_WARN_UNUSED_VARIABLE = YES;
				IPHONEOS_DEPLOYMENT_TARGET = 10.2;
				MTL_ENABLE_DEBUG_INFO = NO;
				SDKROOT = iphoneos;
				SWIFT_OPTIMIZATION_LEVEL = "-Owholemodule";
				TARGETED_DEVICE_FAMILY = "1,2";
				VALIDATE_PRODUCT = YES;
			};
			name = Release;
		};
		3EDFAE2F1E4B0CDE0081F6BD /* Debug */ = {
			isa = XCBuildConfiguration;
			buildSettings = {
				ASSETCATALOG_COMPILER_APPICON_NAME = AppIcon;
				DEVELOPMENT_TEAM = 29RHS5859H;
				INFOPLIST_FILE = DannyTube/Info.plist;
				LD_RUNPATH_SEARCH_PATHS = "$(inherited) @executable_path/Frameworks";
				PRODUCT_BUNDLE_IDENTIFIER = fiu.edu.DannyTube;
				PRODUCT_NAME = "$(TARGET_NAME)";
				SWIFT_VERSION = 3.0;
			};
			name = Debug;
		};
		3EDFAE301E4B0CDE0081F6BD /* Release */ = {
			isa = XCBuildConfiguration;
			buildSettings = {
				ASSETCATALOG_COMPILER_APPICON_NAME = AppIcon;
				DEVELOPMENT_TEAM = 29RHS5859H;
				INFOPLIST_FILE = DannyTube/Info.plist;
				LD_RUNPATH_SEARCH_PATHS = "$(inherited) @executable_path/Frameworks";
				PRODUCT_BUNDLE_IDENTIFIER = fiu.edu.DannyTube;
				PRODUCT_NAME = "$(TARGET_NAME)";
				SWIFT_VERSION = 3.0;
			};
			name = Release;
		};
/* End XCBuildConfiguration section */

/* Begin XCConfigurationList section */
		3EDFAE171E4B0CDE0081F6BD /* Build configuration list for PBXProject "DannyTube" */ = {
			isa = XCConfigurationList;
			buildConfigurations = (
				3EDFAE2C1E4B0CDE0081F6BD /* Debug */,
				3EDFAE2D1E4B0CDE0081F6BD /* Release */,
			);
			defaultConfigurationIsVisible = 0;
			defaultConfigurationName = Release;
		};
		3EDFAE2E1E4B0CDE0081F6BD /* Build configuration list for PBXNativeTarget "DannyTube" */ = {
			isa = XCConfigurationList;
			buildConfigurations = (
				3EDFAE2F1E4B0CDE0081F6BD /* Debug */,
				3EDFAE301E4B0CDE0081F6BD /* Release */,
			);
			defaultConfigurationIsVisible = 0;
			defaultConfigurationName = Release;
		};
/* End XCConfigurationList section */
	};
	rootObject = 3EDFAE141E4B0CDE0081F6BD /* Project object */;
}
